
Microsoft Visual Studio Solution File, Format Version 12.00
# Visual Studio Version 16
VisualStudioVersion = 16.0.30717.126
MinimumVisualStudioVersion = 10.0.40219.1
Project("{9A19103F-16F7-4668-BE54-9A1E7A4F7556}") = "OnlineShop", "OnlineShop.csproj", "{5F0E5BF3-9C07-482E-A26D-F6B7B77D73E6}"
EndProject
Global
	GlobalSection(SolutionConfigurationPlatforms) = preSolution
		Debug|Any CPU = Debug|Any CPU
		Release|Any CPU = Release|Any CPU
	EndGlobalSection
	GlobalSection(ProjectConfigurationPlatforms) = postSolution
		{5F0E5BF3-9C07-482E-A26D-F6B7B77D73E6}.Debug|Any CPU.ActiveCfg = Debug|Any CPU
		{5F0E5BF3-9C07-482E-A26D-F6B7B77D73E6}.Debug|Any CPU.Build.0 = Debug|Any CPU
		{5F0E5BF3-9C07-482E-A26D-F6B7B77D73E6}.Release|Any CPU.ActiveCfg = Release|Any CPU
		{5F0E5BF3-9C07-482E-A26D-F6B7B77D73E6}.Release|Any CPU.Build.0 = Release|Any CPU
	EndGlobalSection
	GlobalSection(SolutionProperties) = preSolution
		HideSolutionNode = FALSE
	EndGlobalSection
	GlobalSection(ExtensibilityGlobals) = postSolution
		SolutionGuid = {378CBBAB-EFF6-4480-9217-DE0D928F3CF7}
	EndGlobalSection
EndGlobal
